
Microsoft Visual Studio Solution File, Format Version 12.00
# Visual Studio Version 16
VisualStudioVersion = 16.0.33027.164
MinimumVisualStudioVersion = 10.0.40219.1
Project("{FAE04EC0-301F-11D3-BF4B-00C04F79EFBC}") = "red", "red\red.csproj", "{A57748EE-7B17-48FA-A429-6C381352CEAA}"
EndProject
Global
	GlobalSection(SolutionConfigurationPlatforms) = preSolution
		Debug|Any CPU = Debug|Any CPU
		Release|Any CPU = Release|Any CPU
	EndGlobalSection
	GlobalSection(ProjectConfigurationPlatforms) = postSolution
		{A57748EE-7B17-48FA-A429-6C381352CEAA}.Debug|Any CPU.ActiveCfg = Debug|Any CPU
		{A57748EE-7B17-48FA-A429-6C381352CEAA}.Debug|Any CPU.Build.0 = Debug|Any CPU
		{A57748EE-7B17-48FA-A429-6C381352CEAA}.Release|Any CPU.ActiveCfg = Release|Any CPU
		{A57748EE-7B17-48FA-A429-6C381352CEAA}.Release|Any CPU.Build.0 = Release|Any CPU
	EndGlobalSection
	GlobalSection(SolutionProperties) = preSolution
		HideSolutionNode = FALSE
	EndGlobalSection
	GlobalSection(ExtensibilityGlobals) = postSolution
		SolutionGuid = {D06487C1-B89B-401D-B31A-AFDEC5B3A501}
	EndGlobalSection
EndGlobal
